
Microsoft Visual Studio Solution File, Format Version 12.00
# Visual Studio Version 17
VisualStudioVersion = 17.10.35027.167
MinimumVisualStudioVersion = 10.0.40219.1
Project("{FAE04EC0-301F-11D3-BF4B-00C04F79EFBC}") = "SimilarPasswordsOzon", "SimilarPasswordsOzon\SimilarPasswordsOzon.csproj", "{CEBEB1D1-95D5-4EDA-9229-409FDB37E635}"
EndProject
Global
	GlobalSection(SolutionConfigurationPlatforms) = preSolution
		Debug|Any CPU = Debug|Any CPU
		Release|Any CPU = Release|Any CPU
	EndGlobalSection
	GlobalSection(ProjectConfigurationPlatforms) = postSolution
		{CEBEB1D1-95D5-4EDA-9229-409FDB37E635}.Debug|Any CPU.ActiveCfg = Debug|Any CPU
		{CEBEB1D1-95D5-4EDA-9229-409FDB37E635}.Debug|Any CPU.Build.0 = Debug|Any CPU
		{CEBEB1D1-95D5-4EDA-9229-409FDB37E635}.Release|Any CPU.ActiveCfg = Release|Any CPU
		{CEBEB1D1-95D5-4EDA-9229-409FDB37E635}.Release|Any CPU.Build.0 = Release|Any CPU
	EndGlobalSection
	GlobalSection(SolutionProperties) = preSolution
		HideSolutionNode = FALSE
	EndGlobalSection
	GlobalSection(ExtensibilityGlobals) = postSolution
		SolutionGuid = {91C0AF99-E10D-4375-BE1B-507B2EF68140}
	EndGlobalSection
EndGlobal
